
Microsoft Visual Studio Solution File, Format Version 12.00
# Visual Studio Version 17
VisualStudioVersion = 17.14.36930.0 d17.14
MinimumVisualStudioVersion = 10.0.40219.1
Project("{FAE04EC0-301F-11D3-BF4B-00C04F79EFBC}") = "1. c# basics", "1. c# basics\1. c# basics.csproj", "{7295CBE8-1C36-44A8-8CB0-D78389C6618C}"
EndProject
Project("{FAE04EC0-301F-11D3-BF4B-00C04F79EFBC}") = "2. output", "2. output\2. output.csproj", "{6A15342A-02B8-4F4C-B743-67B47C786951}"
EndProject
Project("{FAE04EC0-301F-11D3-BF4B-00C04F79EFBC}") = "3. variables", "3. variables\3. variables.csproj", "{658FF887-4C66-4A87-AAB8-24F56062271F}"
EndProject
Project("{FAE04EC0-301F-11D3-BF4B-00C04F79EFBC}") = "4. constants", "4. constants\4. constants.csproj", "{2940ABDF-8E50-487E-815B-50D88DCC5A99}"
EndProject
Project("{FAE04EC0-301F-11D3-BF4B-00C04F79EFBC}") = "5. type casting", "5. type casting\5. type casting.csproj", "{C8290786-08D3-41A9-A417-74A1FAE5B223}"
EndProject
Project("{FAE04EC0-301F-11D3-BF4B-00C04F79EFBC}") = "6. user input", "6. user input\6. user input.csproj", "{B02E82A5-02FC-4831-933D-8284C0D32C25}"
EndProject
Global
	GlobalSection(SolutionConfigurationPlatforms) = preSolution
		Debug|Any CPU = Debug|Any CPU
		Release|Any CPU = Release|Any CPU
	EndGlobalSection
	GlobalSection(ProjectConfigurationPlatforms) = postSolution
		{7295CBE8-1C36-44A8-8CB0-D78389C6618C}.Debug|Any CPU.ActiveCfg = Debug|Any CPU
		{7295CBE8-1C36-44A8-8CB0-D78389C6618C}.Debug|Any CPU.Build.0 = Debug|Any CPU
		{7295CBE8-1C36-44A8-8CB0-D78389C6618C}.Release|Any CPU.ActiveCfg = Release|Any CPU
		{7295CBE8-1C36-44A8-8CB0-D78389C6618C}.Release|Any CPU.Build.0 = Release|Any CPU
		{6A15342A-02B8-4F4C-B743-67B47C786951}.Debug|Any CPU.ActiveCfg = Debug|Any CPU
		{6A15342A-02B8-4F4C-B743-67B47C786951}.Debug|Any CPU.Build.0 = Debug|Any CPU
		{6A15342A-02B8-4F4C-B743-67B47C786951}.Release|Any CPU.ActiveCfg = Release|Any CPU
		{6A15342A-02B8-4F4C-B743-67B47C786951}.Release|Any CPU.Build.0 = Release|Any CPU
		{658FF887-4C66-4A87-AAB8-24F56062271F}.Debug|Any CPU.ActiveCfg = Debug|Any CPU
		{658FF887-4C66-4A87-AAB8-24F56062271F}.Debug|Any CPU.Build.0 = Debug|Any CPU
		{658FF887-4C66-4A87-AAB8-24F56062271F}.Release|Any CPU.ActiveCfg = Release|Any CPU
		{658FF887-4C66-4A87-AAB8-24F56062271F}.Release|Any CPU.Build.0 = Release|Any CPU
		{2940ABDF-8E50-487E-815B-50D88DCC5A99}.Debug|Any CPU.ActiveCfg = Debug|Any CPU
		{2940ABDF-8E50-487E-815B-50D88DCC5A99}.Debug|Any CPU.Build.0 = Debug|Any CPU
		{2940ABDF-8E50-487E-815B-50D88DCC5A99}.Release|Any CPU.ActiveCfg = Release|Any CPU
		{2940ABDF-8E50-487E-815B-50D88DCC5A99}.Release|Any CPU.Build.0 = Release|Any CPU
		{C8290786-08D3-41A9-A417-74A1FAE5B223}.Debug|Any CPU.ActiveCfg = Debug|Any CPU
		{C8290786-08D3-41A9-A417-74A1FAE5B223}.Debug|Any CPU.Build.0 = Debug|Any CPU
		{C8290786-08D3-41A9-A417-74A1FAE5B223}.Release|Any CPU.ActiveCfg = Release|Any CPU
		{C8290786-08D3-41A9-A417-74A1FAE5B223}.Release|Any CPU.Build.0 = Release|Any CPU
		{B02E82A5-02FC-4831-933D-8284C0D32C25}.Debug|Any CPU.ActiveCfg = Debug|Any CPU
		{B02E82A5-02FC-4831-933D-8284C0D32C25}.Debug|Any CPU.Build.0 = Debug|Any CPU
		{B02E82A5-02FC-4831-933D-8284C0D32C25}.Release|Any CPU.ActiveCfg = Release|Any CPU
		{B02E82A5-02FC-4831-933D-8284C0D32C25}.Release|Any CPU.Build.0 = Release|Any CPU
	EndGlobalSection
	GlobalSection(SolutionProperties) = preSolution
		HideSolutionNode = FALSE
	EndGlobalSection
	GlobalSection(ExtensibilityGlobals) = postSolution
		SolutionGuid = {B6EE9172-E4D0-41E0-BF83-CB287206E044}
	EndGlobalSection
EndGlobal
