
Microsoft Visual Studio Solution File, Format Version 12.00
# Visual Studio Version 17
VisualStudioVersion = 17.14.36930.0
MinimumVisualStudioVersion = 10.0.40219.1
Project("{FAE04EC0-301F-11D3-BF4B-00C04F79EFBC}") = "1. c# basics", "1. c# basics\1. c# basics.csproj", "{7295CBE8-1C36-44A8-8CB0-D78389C6618C}"
EndProject
Project("{FAE04EC0-301F-11D3-BF4B-00C04F79EFBC}") = "2. output", "2. output\2. output.csproj", "{6A15342A-02B8-4F4C-B743-67B47C786951}"
EndProject
Project("{FAE04EC0-301F-11D3-BF4B-00C04F79EFBC}") = "3. variables", "3. variables\3. variables.csproj", "{658FF887-4C66-4A87-AAB8-24F56062271F}"
EndProject
Project("{FAE04EC0-301F-11D3-BF4B-00C04F79EFBC}") = "4. constants", "4. constants\4. constants.csproj", "{2940ABDF-8E50-487E-815B-50D88DCC5A99}"
EndProject
Project("{FAE04EC0-301F-11D3-BF4B-00C04F79EFBC}") = "5. type casting", "5. type casting\5. type casting.csproj", "{C8290786-08D3-41A9-A417-74A1FAE5B223}"
EndProject
Project("{FAE04EC0-301F-11D3-BF4B-00C04F79EFBC}") = "6. user input", "6. user input\6. user input.csproj", "{B02E82A5-02FC-4831-933D-8284C0D32C25}"
EndProject
Project("{FAE04EC0-301F-11D3-BF4B-00C04F79EFBC}") = "7. arithmetic operators", "7. arithmetic operators\7. arithmetic operators.csproj", "{DE891321-B797-4227-8CD1-682EB66B99F0}"
EndProject
Project("{FAE04EC0-301F-11D3-BF4B-00C04F79EFBC}") = "8. math class", "8. math class\8. math class.csproj", "{5164B6DD-EC86-4986-98A1-1C25BACC8F34}"
EndProject
Project("{FAE04EC0-301F-11D3-BF4B-00C04F79EFBC}") = "9. random numbers", "9. random numbers\9. random numbers.csproj", "{8B33036B-0D48-4C4B-8D65-BE6A70723114}"
EndProject
Project("{FAE04EC0-301F-11D3-BF4B-00C04F79EFBC}") = "10. hypotenuse calculator program", "10. hypotenuse calculator program\10. hypotenuse calculator program.csproj", "{0E265670-33DD-463E-8E1C-9F284DBB399E}"
EndProject
Project("{FAE04EC0-301F-11D3-BF4B-00C04F79EFBC}") = "11. string methods", "11. string methods\11. string methods.csproj", "{BE2C47EC-99A9-4F55-B32D-A3FB2A496DEA}"
EndProject
Project("{FAE04EC0-301F-11D3-BF4B-00C04F79EFBC}") = "12. if statements", "12. if statements\12. if statements.csproj", "{5F0F5FBB-E3EF-44FF-95C9-F90FEE8498A6}"
EndProject
Project("{FAE04EC0-301F-11D3-BF4B-00C04F79EFBC}") = "13. switches", "13. switches\13. switches.csproj", "{AA75BD02-4D3B-4D0C-A64F-F30C52AF6DFB}"
EndProject
Project("{FAE04EC0-301F-11D3-BF4B-00C04F79EFBC}") = "14. logical operators", "14. logical operators\14. logical operators.csproj", "{640476F1-8294-4612-80E4-834517BB5AE9}"
EndProject
Project("{FAE04EC0-301F-11D3-BF4B-00C04F79EFBC}") = "15. while loops", "15. while loops\15. while loops.csproj", "{360A821B-A33D-4886-BEAB-DAFF3192C9C0}"
EndProject
Project("{FAE04EC0-301F-11D3-BF4B-00C04F79EFBC}") = "16. for loops", "16. for loops\16. for loops.csproj", "{00A5AD35-3435-44C1-9C3F-21176BEB7709}"
EndProject
Project("{FAE04EC0-301F-11D3-BF4B-00C04F79EFBC}") = "17. nested loops", "17. nested loops\17. nested loops.csproj", "{0DE21AFB-AC86-49D1-8BC5-9EC56154BFC7}"
EndProject
Project("{FAE04EC0-301F-11D3-BF4B-00C04F79EFBC}") = "18. number guessing game", "18. number guessing game\18. number guessing game.csproj", "{63CF72BF-ACD2-43B9-9A95-145C2FF1BE30}"
EndProject
Project("{FAE04EC0-301F-11D3-BF4B-00C04F79EFBC}") = "19. rock-paper-scissors game", "19. rock-paper-scissors game\19. rock-paper-scissors game.csproj", "{4E6CFD9E-4162-45F8-9668-B1F6A72870EB}"
EndProject
Project("{FAE04EC0-301F-11D3-BF4B-00C04F79EFBC}") = "20. calculator program", "20. calculator program\20. calculator program.csproj", "{D8010AD4-B9AD-4C14-9619-968B109CA629}"
EndProject
Project("{FAE04EC0-301F-11D3-BF4B-00C04F79EFBC}") = "21. arrays", "21. arrays\21. arrays.csproj", "{FD824FDF-85BD-48BD-AB14-49CC6F65DBBD}"
EndProject
Project("{FAE04EC0-301F-11D3-BF4B-00C04F79EFBC}") = "22. foreach loop", "22. foreach loop\22. foreach loop.csproj", "{416828E8-3C60-4823-8545-54826F5A9845}"
EndProject
Project("{FAE04EC0-301F-11D3-BF4B-00C04F79EFBC}") = "23. methods", "23. methods\23. methods.csproj", "{8C82B8D0-D0F0-4864-8C63-907831BA10DD}"
EndProject
Project("{FAE04EC0-301F-11D3-BF4B-00C04F79EFBC}") = "24. return keyword", "24. return keyword\24. return keyword.csproj", "{B785E69D-705B-4C03-BCEF-F55B6B0C2997}"
EndProject
Project("{FAE04EC0-301F-11D3-BF4B-00C04F79EFBC}") = "25. method overloading", "25. method overloading\25. method overloading.csproj", "{F9B6B1BB-2557-412B-B771-AB99BC60216E}"
EndProject
Project("{FAE04EC0-301F-11D3-BF4B-00C04F79EFBC}") = "26. params keyword", "26. params keyword\26. params keyword.csproj", "{8997C42F-3A00-4F11-836F-9120CD4A0F9A}"
EndProject
Project("{FAE04EC0-301F-11D3-BF4B-00C04F79EFBC}") = "27. exception handling", "27. exception handling\27. exception handling.csproj", "{2F91ECCD-D796-4431-BA94-97ABA9B313D5}"
EndProject
Project("{FAE04EC0-301F-11D3-BF4B-00C04F79EFBC}") = "28. conditional operator", "28. conditional operator\28. conditional operator.csproj", "{09327436-EFDB-4127-B5B8-A7AB5C9AF327}"
EndProject
Project("{FAE04EC0-301F-11D3-BF4B-00C04F79EFBC}") = "29. string interpolation", "29. string interpolation\29. string interpolation.csproj", "{32AD8527-8328-46F5-A046-A0E47F6FA591}"
EndProject
Project("{FAE04EC0-301F-11D3-BF4B-00C04F79EFBC}") = "30. multidimensional arrays", "30. multidimensional arrays\30. multidimensional arrays.csproj", "{7A09404C-B71E-4303-8D1B-20CD6BA35B5C}"
EndProject
Project("{FAE04EC0-301F-11D3-BF4B-00C04F79EFBC}") = "31. classes", "31. classes\31. classes.csproj", "{49D11432-EBD8-403B-A949-8E421C472A13}"
EndProject
Project("{FAE04EC0-301F-11D3-BF4B-00C04F79EFBC}") = "32. objects", "32. objects\32. objects.csproj", "{2075AE73-77BE-4524-9904-89BB975C8EC9}"
EndProject
Project("{FAE04EC0-301F-11D3-BF4B-00C04F79EFBC}") = "33. constructors", "33. constructors\33. constructors.csproj", "{850ED234-5A85-4C97-84A1-D408BC2326C4}"
EndProject
Project("{FAE04EC0-301F-11D3-BF4B-00C04F79EFBC}") = "34. static", "34. static\34. static.csproj", "{E9B57921-083D-44BF-BAFB-9CD8CDA1DDCD}"
EndProject
Project("{FAE04EC0-301F-11D3-BF4B-00C04F79EFBC}") = "35. overloaded constructors", "35. overloaded constructors\35. overloaded constructors.csproj", "{0B19EF7A-E658-40BD-A9E4-09EED5EFE5D4}"
EndProject
Project("{FAE04EC0-301F-11D3-BF4B-00C04F79EFBC}") = "36. inheritance", "36. inheritance\36. inheritance.csproj", "{ECEF058B-105A-4A45-9DEE-8934CC9A8628}"
EndProject
Project("{FAE04EC0-301F-11D3-BF4B-00C04F79EFBC}") = "37. abstract classes", "37. abstract classes\37. abstract classes.csproj", "{B9922AC8-6892-44DE-BBD1-825A1E0F47E4}"
EndProject
Project("{FAE04EC0-301F-11D3-BF4B-00C04F79EFBC}") = "38. array of objects", "38. array of objects\38. array of objects.csproj", "{668C9BB4-C944-4C2D-B982-7D9D357BA962}"
EndProject
Project("{FAE04EC0-301F-11D3-BF4B-00C04F79EFBC}") = "39. objects as arguments", "39. objects as arguments\39. objects as arguments.csproj", "{CE579974-BB61-42F6-B9CF-599B21AC9180}"
EndProject
Project("{FAE04EC0-301F-11D3-BF4B-00C04F79EFBC}") = "40. method overriding", "40. method overriding\40. method overriding.csproj", "{64C67110-D41F-4BF6-B3A1-D71CC2E47355}"
EndProject
Project("{FAE04EC0-301F-11D3-BF4B-00C04F79EFBC}") = "41. ToString method", "41. ToString method\41. ToString method.csproj", "{68043C0C-832D-4E92-8E60-BFA9B013FA68}"
EndProject
Project("{FAE04EC0-301F-11D3-BF4B-00C04F79EFBC}") = "42. polymorphism", "42. polymorphism\42. polymorphism.csproj", "{15870B2B-9523-439A-999F-3DA14729C4FF}"
EndProject
Project("{FAE04EC0-301F-11D3-BF4B-00C04F79EFBC}") = "43. interfaces", "43. interfaces\43. interfaces.csproj", "{CFBD6D93-AD37-4A34-B6B6-A22164F7A7CA}"
EndProject
Project("{FAE04EC0-301F-11D3-BF4B-00C04F79EFBC}") = "44. lists", "44. lists\44. lists.csproj", "{6C059CB2-EA23-4D29-8978-B3E7AFA2EB68}"
EndProject
Project("{FAE04EC0-301F-11D3-BF4B-00C04F79EFBC}") = "45. list of objects", "45. list of objects\45. list of objects.csproj", "{3B7049D6-E074-4E39-BD63-AE98CFF1E865}"
EndProject
Project("{FAE04EC0-301F-11D3-BF4B-00C04F79EFBC}") = "46. getters & setters", "46. getters & setters\46. getters & setters.csproj", "{F3250F9C-C571-4DDC-9322-9158A268E25C}"
EndProject
Project("{FAE04EC0-301F-11D3-BF4B-00C04F79EFBC}") = "47. auto implemented properties", "47. auto implemented properties\47. auto implemented properties.csproj", "{E5B78F7B-66C3-4047-81E7-F357D725FD6E}"
EndProject
Global
	GlobalSection(SolutionConfigurationPlatforms) = preSolution
		Debug|Any CPU = Debug|Any CPU
		Release|Any CPU = Release|Any CPU
	EndGlobalSection
	GlobalSection(ProjectConfigurationPlatforms) = postSolution
		{7295CBE8-1C36-44A8-8CB0-D78389C6618C}.Debug|Any CPU.ActiveCfg = Debug|Any CPU
		{7295CBE8-1C36-44A8-8CB0-D78389C6618C}.Debug|Any CPU.Build.0 = Debug|Any CPU
		{7295CBE8-1C36-44A8-8CB0-D78389C6618C}.Release|Any CPU.ActiveCfg = Release|Any CPU
		{7295CBE8-1C36-44A8-8CB0-D78389C6618C}.Release|Any CPU.Build.0 = Release|Any CPU
		{6A15342A-02B8-4F4C-B743-67B47C786951}.Debug|Any CPU.ActiveCfg = Debug|Any CPU
		{6A15342A-02B8-4F4C-B743-67B47C786951}.Debug|Any CPU.Build.0 = Debug|Any CPU
		{6A15342A-02B8-4F4C-B743-67B47C786951}.Release|Any CPU.ActiveCfg = Release|Any CPU
		{6A15342A-02B8-4F4C-B743-67B47C786951}.Release|Any CPU.Build.0 = Release|Any CPU
		{658FF887-4C66-4A87-AAB8-24F56062271F}.Debug|Any CPU.ActiveCfg = Debug|Any CPU
		{658FF887-4C66-4A87-AAB8-24F56062271F}.Debug|Any CPU.Build.0 = Debug|Any CPU
		{658FF887-4C66-4A87-AAB8-24F56062271F}.Release|Any CPU.ActiveCfg = Release|Any CPU
		{658FF887-4C66-4A87-AAB8-24F56062271F}.Release|Any CPU.Build.0 = Release|Any CPU
		{2940ABDF-8E50-487E-815B-50D88DCC5A99}.Debug|Any CPU.ActiveCfg = Debug|Any CPU
		{2940ABDF-8E50-487E-815B-50D88DCC5A99}.Debug|Any CPU.Build.0 = Debug|Any CPU
		{2940ABDF-8E50-487E-815B-50D88DCC5A99}.Release|Any CPU.ActiveCfg = Release|Any CPU
		{2940ABDF-8E50-487E-815B-50D88DCC5A99}.Release|Any CPU.Build.0 = Release|Any CPU
		{C8290786-08D3-41A9-A417-74A1FAE5B223}.Debug|Any CPU.ActiveCfg = Debug|Any CPU
		{C8290786-08D3-41A9-A417-74A1FAE5B223}.Debug|Any CPU.Build.0 = Debug|Any CPU
		{C8290786-08D3-41A9-A417-74A1FAE5B223}.Release|Any CPU.ActiveCfg = Release|Any CPU
		{C8290786-08D3-41A9-A417-74A1FAE5B223}.Release|Any CPU.Build.0 = Release|Any CPU
		{B02E82A5-02FC-4831-933D-8284C0D32C25}.Debug|Any CPU.ActiveCfg = Debug|Any CPU
		{B02E82A5-02FC-4831-933D-8284C0D32C25}.Debug|Any CPU.Build.0 = Debug|Any CPU
		{B02E82A5-02FC-4831-933D-8284C0D32C25}.Release|Any CPU.ActiveCfg = Release|Any CPU
		{B02E82A5-02FC-4831-933D-8284C0D32C25}.Release|Any CPU.Build.0 = Release|Any CPU
		{DE891321-B797-4227-8CD1-682EB66B99F0}.Debug|Any CPU.ActiveCfg = Debug|Any CPU
		{DE891321-B797-4227-8CD1-682EB66B99F0}.Debug|Any CPU.Build.0 = Debug|Any CPU
		{DE891321-B797-4227-8CD1-682EB66B99F0}.Release|Any CPU.ActiveCfg = Release|Any CPU
		{DE891321-B797-4227-8CD1-682EB66B99F0}.Release|Any CPU.Build.0 = Release|Any CPU
		{5164B6DD-EC86-4986-98A1-1C25BACC8F34}.Debug|Any CPU.ActiveCfg = Debug|Any CPU
		{5164B6DD-EC86-4986-98A1-1C25BACC8F34}.Debug|Any CPU.Build.0 = Debug|Any CPU
		{5164B6DD-EC86-4986-98A1-1C25BACC8F34}.Release|Any CPU.ActiveCfg = Release|Any CPU
		{5164B6DD-EC86-4986-98A1-1C25BACC8F34}.Release|Any CPU.Build.0 = Release|Any CPU
		{8B33036B-0D48-4C4B-8D65-BE6A70723114}.Debug|Any CPU.ActiveCfg = Debug|Any CPU
		{8B33036B-0D48-4C4B-8D65-BE6A70723114}.Debug|Any CPU.Build.0 = Debug|Any CPU
		{8B33036B-0D48-4C4B-8D65-BE6A70723114}.Release|Any CPU.ActiveCfg = Release|Any CPU
		{8B33036B-0D48-4C4B-8D65-BE6A70723114}.Release|Any CPU.Build.0 = Release|Any CPU
		{0E265670-33DD-463E-8E1C-9F284DBB399E}.Debug|Any CPU.ActiveCfg = Debug|Any CPU
		{0E265670-33DD-463E-8E1C-9F284DBB399E}.Debug|Any CPU.Build.0 = Debug|Any CPU
		{0E265670-33DD-463E-8E1C-9F284DBB399E}.Release|Any CPU.ActiveCfg = Release|Any CPU
		{0E265670-33DD-463E-8E1C-9F284DBB399E}.Release|Any CPU.Build.0 = Release|Any CPU
		{BE2C47EC-99A9-4F55-B32D-A3FB2A496DEA}.Debug|Any CPU.ActiveCfg = Debug|Any CPU
		{BE2C47EC-99A9-4F55-B32D-A3FB2A496DEA}.Debug|Any CPU.Build.0 = Debug|Any CPU
		{BE2C47EC-99A9-4F55-B32D-A3FB2A496DEA}.Release|Any CPU.ActiveCfg = Release|Any CPU
		{BE2C47EC-99A9-4F55-B32D-A3FB2A496DEA}.Release|Any CPU.Build.0 = Release|Any CPU
		{5F0F5FBB-E3EF-44FF-95C9-F90FEE8498A6}.Debug|Any CPU.ActiveCfg = Debug|Any CPU
		{5F0F5FBB-E3EF-44FF-95C9-F90FEE8498A6}.Debug|Any CPU.Build.0 = Debug|Any CPU
		{5F0F5FBB-E3EF-44FF-95C9-F90FEE8498A6}.Release|Any CPU.ActiveCfg = Release|Any CPU
		{5F0F5FBB-E3EF-44FF-95C9-F90FEE8498A6}.Release|Any CPU.Build.0 = Release|Any CPU
		{AA75BD02-4D3B-4D0C-A64F-F30C52AF6DFB}.Debug|Any CPU.ActiveCfg = Debug|Any CPU
		{AA75BD02-4D3B-4D0C-A64F-F30C52AF6DFB}.Debug|Any CPU.Build.0 = Debug|Any CPU
		{AA75BD02-4D3B-4D0C-A64F-F30C52AF6DFB}.Release|Any CPU.ActiveCfg = Release|Any CPU
		{AA75BD02-4D3B-4D0C-A64F-F30C52AF6DFB}.Release|Any CPU.Build.0 = Release|Any CPU
		{640476F1-8294-4612-80E4-834517BB5AE9}.Debug|Any CPU.ActiveCfg = Debug|Any CPU
		{640476F1-8294-4612-80E4-834517BB5AE9}.Debug|Any CPU.Build.0 = Debug|Any CPU
		{640476F1-8294-4612-80E4-834517BB5AE9}.Release|Any CPU.ActiveCfg = Release|Any CPU
		{640476F1-8294-4612-80E4-834517BB5AE9}.Release|Any CPU.Build.0 = Release|Any CPU
		{360A821B-A33D-4886-BEAB-DAFF3192C9C0}.Debug|Any CPU.ActiveCfg = Debug|Any CPU
		{360A821B-A33D-4886-BEAB-DAFF3192C9C0}.Debug|Any CPU.Build.0 = Debug|Any CPU
		{360A821B-A33D-4886-BEAB-DAFF3192C9C0}.Release|Any CPU.ActiveCfg = Release|Any CPU
		{360A821B-A33D-4886-BEAB-DAFF3192C9C0}.Release|Any CPU.Build.0 = Release|Any CPU
		{00A5AD35-3435-44C1-9C3F-21176BEB7709}.Debug|Any CPU.ActiveCfg = Debug|Any CPU
		{00A5AD35-3435-44C1-9C3F-21176BEB7709}.Debug|Any CPU.Build.0 = Debug|Any CPU
		{00A5AD35-3435-44C1-9C3F-21176BEB7709}.Release|Any CPU.ActiveCfg = Release|Any CPU
		{00A5AD35-3435-44C1-9C3F-21176BEB7709}.Release|Any CPU.Build.0 = Release|Any CPU
		{0DE21AFB-AC86-49D1-8BC5-9EC56154BFC7}.Debug|Any CPU.ActiveCfg = Debug|Any CPU
		{0DE21AFB-AC86-49D1-8BC5-9EC56154BFC7}.Debug|Any CPU.Build.0 = Debug|Any CPU
		{0DE21AFB-AC86-49D1-8BC5-9EC56154BFC7}.Release|Any CPU.ActiveCfg = Release|Any CPU
		{0DE21AFB-AC86-49D1-8BC5-9EC56154BFC7}.Release|Any CPU.Build.0 = Release|Any CPU
		{63CF72BF-ACD2-43B9-9A95-145C2FF1BE30}.Debug|Any CPU.ActiveCfg = Debug|Any CPU
		{63CF72BF-ACD2-43B9-9A95-145C2FF1BE30}.Debug|Any CPU.Build.0 = Debug|Any CPU
		{63CF72BF-ACD2-43B9-9A95-145C2FF1BE30}.Release|Any CPU.ActiveCfg = Release|Any CPU
		{63CF72BF-ACD2-43B9-9A95-145C2FF1BE30}.Release|Any CPU.Build.0 = Release|Any CPU
		{4E6CFD9E-4162-45F8-9668-B1F6A72870EB}.Debug|Any CPU.ActiveCfg = Debug|Any CPU
		{4E6CFD9E-4162-45F8-9668-B1F6A72870EB}.Debug|Any CPU.Build.0 = Debug|Any CPU
		{4E6CFD9E-4162-45F8-9668-B1F6A72870EB}.Release|Any CPU.ActiveCfg = Release|Any CPU
		{4E6CFD9E-4162-45F8-9668-B1F6A72870EB}.Release|Any CPU.Build.0 = Release|Any CPU
		{D8010AD4-B9AD-4C14-9619-968B109CA629}.Debug|Any CPU.ActiveCfg = Debug|Any CPU
		{D8010AD4-B9AD-4C14-9619-968B109CA629}.Debug|Any CPU.Build.0 = Debug|Any CPU
		{D8010AD4-B9AD-4C14-9619-968B109CA629}.Release|Any CPU.ActiveCfg = Release|Any CPU
		{D8010AD4-B9AD-4C14-9619-968B109CA629}.Release|Any CPU.Build.0 = Release|Any CPU
		{FD824FDF-85BD-48BD-AB14-49CC6F65DBBD}.Debug|Any CPU.ActiveCfg = Debug|Any CPU
		{FD824FDF-85BD-48BD-AB14-49CC6F65DBBD}.Debug|Any CPU.Build.0 = Debug|Any CPU
		{FD824FDF-85BD-48BD-AB14-49CC6F65DBBD}.Release|Any CPU.ActiveCfg = Release|Any CPU
		{FD824FDF-85BD-48BD-AB14-49CC6F65DBBD}.Release|Any CPU.Build.0 = Release|Any CPU
		{416828E8-3C60-4823-8545-54826F5A9845}.Debug|Any CPU.ActiveCfg = Debug|Any CPU
		{416828E8-3C60-4823-8545-54826F5A9845}.Debug|Any CPU.Build.0 = Debug|Any CPU
		{416828E8-3C60-4823-8545-54826F5A9845}.Release|Any CPU.ActiveCfg = Release|Any CPU
		{416828E8-3C60-4823-8545-54826F5A9845}.Release|Any CPU.Build.0 = Release|Any CPU
		{8C82B8D0-D0F0-4864-8C63-907831BA10DD}.Debug|Any CPU.ActiveCfg = Debug|Any CPU
		{8C82B8D0-D0F0-4864-8C63-907831BA10DD}.Debug|Any CPU.Build.0 = Debug|Any CPU
		{8C82B8D0-D0F0-4864-8C63-907831BA10DD}.Release|Any CPU.ActiveCfg = Release|Any CPU
		{8C82B8D0-D0F0-4864-8C63-907831BA10DD}.Release|Any CPU.Build.0 = Release|Any CPU
		{B785E69D-705B-4C03-BCEF-F55B6B0C2997}.Debug|Any CPU.ActiveCfg = Debug|Any CPU
		{B785E69D-705B-4C03-BCEF-F55B6B0C2997}.Debug|Any CPU.Build.0 = Debug|Any CPU
		{B785E69D-705B-4C03-BCEF-F55B6B0C2997}.Release|Any CPU.ActiveCfg = Release|Any CPU
		{B785E69D-705B-4C03-BCEF-F55B6B0C2997}.Release|Any CPU.Build.0 = Release|Any CPU
		{F9B6B1BB-2557-412B-B771-AB99BC60216E}.Debug|Any CPU.ActiveCfg = Debug|Any CPU
		{F9B6B1BB-2557-412B-B771-AB99BC60216E}.Debug|Any CPU.Build.0 = Debug|Any CPU
		{F9B6B1BB-2557-412B-B771-AB99BC60216E}.Release|Any CPU.ActiveCfg = Release|Any CPU
		{F9B6B1BB-2557-412B-B771-AB99BC60216E}.Release|Any CPU.Build.0 = Release|Any CPU
		{8997C42F-3A00-4F11-836F-9120CD4A0F9A}.Debug|Any CPU.ActiveCfg = Debug|Any CPU
		{8997C42F-3A00-4F11-836F-9120CD4A0F9A}.Debug|Any CPU.Build.0 = Debug|Any CPU
		{8997C42F-3A00-4F11-836F-9120CD4A0F9A}.Release|Any CPU.ActiveCfg = Release|Any CPU
		{8997C42F-3A00-4F11-836F-9120CD4A0F9A}.Release|Any CPU.Build.0 = Release|Any CPU
		{2F91ECCD-D796-4431-BA94-97ABA9B313D5}.Debug|Any CPU.ActiveCfg = Debug|Any CPU
		{2F91ECCD-D796-4431-BA94-97ABA9B313D5}.Debug|Any CPU.Build.0 = Debug|Any CPU
		{2F91ECCD-D796-4431-BA94-97ABA9B313D5}.Release|Any CPU.ActiveCfg = Release|Any CPU
		{2F91ECCD-D796-4431-BA94-97ABA9B313D5}.Release|Any CPU.Build.0 = Release|Any CPU
		{09327436-EFDB-4127-B5B8-A7AB5C9AF327}.Debug|Any CPU.ActiveCfg = Debug|Any CPU
		{09327436-EFDB-4127-B5B8-A7AB5C9AF327}.Debug|Any CPU.Build.0 = Debug|Any CPU
		{09327436-EFDB-4127-B5B8-A7AB5C9AF327}.Release|Any CPU.ActiveCfg = Release|Any CPU
		{09327436-EFDB-4127-B5B8-A7AB5C9AF327}.Release|Any CPU.Build.0 = Release|Any CPU
		{32AD8527-8328-46F5-A046-A0E47F6FA591}.Debug|Any CPU.ActiveCfg = Debug|Any CPU
		{32AD8527-8328-46F5-A046-A0E47F6FA591}.Debug|Any CPU.Build.0 = Debug|Any CPU
		{32AD8527-8328-46F5-A046-A0E47F6FA591}.Release|Any CPU.ActiveCfg = Release|Any CPU
		{32AD8527-8328-46F5-A046-A0E47F6FA591}.Release|Any CPU.Build.0 = Release|Any CPU
		{7A09404C-B71E-4303-8D1B-20CD6BA35B5C}.Debug|Any CPU.ActiveCfg = Debug|Any CPU
		{7A09404C-B71E-4303-8D1B-20CD6BA35B5C}.Debug|Any CPU.Build.0 = Debug|Any CPU
		{7A09404C-B71E-4303-8D1B-20CD6BA35B5C}.Release|Any CPU.ActiveCfg = Release|Any CPU
		{7A09404C-B71E-4303-8D1B-20CD6BA35B5C}.Release|Any CPU.Build.0 = Release|Any CPU
		{49D11432-EBD8-403B-A949-8E421C472A13}.Debug|Any CPU.ActiveCfg = Debug|Any CPU
		{49D11432-EBD8-403B-A949-8E421C472A13}.Debug|Any CPU.Build.0 = Debug|Any CPU
		{49D11432-EBD8-403B-A949-8E421C472A13}.Release|Any CPU.ActiveCfg = Release|Any CPU
		{49D11432-EBD8-403B-A949-8E421C472A13}.Release|Any CPU.Build.0 = Release|Any CPU
		{2075AE73-77BE-4524-9904-89BB975C8EC9}.Debug|Any CPU.ActiveCfg = Debug|Any CPU
		{2075AE73-77BE-4524-9904-89BB975C8EC9}.Debug|Any CPU.Build.0 = Debug|Any CPU
		{2075AE73-77BE-4524-9904-89BB975C8EC9}.Release|Any CPU.ActiveCfg = Release|Any CPU
		{2075AE73-77BE-4524-9904-89BB975C8EC9}.Release|Any CPU.Build.0 = Release|Any CPU
		{850ED234-5A85-4C97-84A1-D408BC2326C4}.Debug|Any CPU.ActiveCfg = Debug|Any CPU
		{850ED234-5A85-4C97-84A1-D408BC2326C4}.Debug|Any CPU.Build.0 = Debug|Any CPU
		{850ED234-5A85-4C97-84A1-D408BC2326C4}.Release|Any CPU.ActiveCfg = Release|Any CPU
		{850ED234-5A85-4C97-84A1-D408BC2326C4}.Release|Any CPU.Build.0 = Release|Any CPU
		{E9B57921-083D-44BF-BAFB-9CD8CDA1DDCD}.Debug|Any CPU.ActiveCfg = Debug|Any CPU
		{E9B57921-083D-44BF-BAFB-9CD8CDA1DDCD}.Debug|Any CPU.Build.0 = Debug|Any CPU
		{E9B57921-083D-44BF-BAFB-9CD8CDA1DDCD}.Release|Any CPU.ActiveCfg = Release|Any CPU
		{E9B57921-083D-44BF-BAFB-9CD8CDA1DDCD}.Release|Any CPU.Build.0 = Release|Any CPU
		{0B19EF7A-E658-40BD-A9E4-09EED5EFE5D4}.Debug|Any CPU.ActiveCfg = Debug|Any CPU
		{0B19EF7A-E658-40BD-A9E4-09EED5EFE5D4}.Debug|Any CPU.Build.0 = Debug|Any CPU
		{0B19EF7A-E658-40BD-A9E4-09EED5EFE5D4}.Release|Any CPU.ActiveCfg = Release|Any CPU
		{0B19EF7A-E658-40BD-A9E4-09EED5EFE5D4}.Release|Any CPU.Build.0 = Release|Any CPU
		{ECEF058B-105A-4A45-9DEE-8934CC9A8628}.Debug|Any CPU.ActiveCfg = Debug|Any CPU
		{ECEF058B-105A-4A45-9DEE-8934CC9A8628}.Debug|Any CPU.Build.0 = Debug|Any CPU
		{ECEF058B-105A-4A45-9DEE-8934CC9A8628}.Release|Any CPU.ActiveCfg = Release|Any CPU
		{ECEF058B-105A-4A45-9DEE-8934CC9A8628}.Release|Any CPU.Build.0 = Release|Any CPU
		{B9922AC8-6892-44DE-BBD1-825A1E0F47E4}.Debug|Any CPU.ActiveCfg = Debug|Any CPU
		{B9922AC8-6892-44DE-BBD1-825A1E0F47E4}.Debug|Any CPU.Build.0 = Debug|Any CPU
		{B9922AC8-6892-44DE-BBD1-825A1E0F47E4}.Release|Any CPU.ActiveCfg = Release|Any CPU
		{B9922AC8-6892-44DE-BBD1-825A1E0F47E4}.Release|Any CPU.Build.0 = Release|Any CPU
		{668C9BB4-C944-4C2D-B982-7D9D357BA962}.Debug|Any CPU.ActiveCfg = Debug|Any CPU
		{668C9BB4-C944-4C2D-B982-7D9D357BA962}.Debug|Any CPU.Build.0 = Debug|Any CPU
		{668C9BB4-C944-4C2D-B982-7D9D357BA962}.Release|Any CPU.ActiveCfg = Release|Any CPU
		{668C9BB4-C944-4C2D-B982-7D9D357BA962}.Release|Any CPU.Build.0 = Release|Any CPU
		{CE579974-BB61-42F6-B9CF-599B21AC9180}.Debug|Any CPU.ActiveCfg = Debug|Any CPU
		{CE579974-BB61-42F6-B9CF-599B21AC9180}.Debug|Any CPU.Build.0 = Debug|Any CPU
		{CE579974-BB61-42F6-B9CF-599B21AC9180}.Release|Any CPU.ActiveCfg = Release|Any CPU
		{CE579974-BB61-42F6-B9CF-599B21AC9180}.Release|Any CPU.Build.0 = Release|Any CPU
		{64C67110-D41F-4BF6-B3A1-D71CC2E47355}.Debug|Any CPU.ActiveCfg = Debug|Any CPU
		{64C67110-D41F-4BF6-B3A1-D71CC2E47355}.Debug|Any CPU.Build.0 = Debug|Any CPU
		{64C67110-D41F-4BF6-B3A1-D71CC2E47355}.Release|Any CPU.ActiveCfg = Release|Any CPU
		{64C67110-D41F-4BF6-B3A1-D71CC2E47355}.Release|Any CPU.Build.0 = Release|Any CPU
		{68043C0C-832D-4E92-8E60-BFA9B013FA68}.Debug|Any CPU.ActiveCfg = Debug|Any CPU
		{68043C0C-832D-4E92-8E60-BFA9B013FA68}.Debug|Any CPU.Build.0 = Debug|Any CPU
		{68043C0C-832D-4E92-8E60-BFA9B013FA68}.Release|Any CPU.ActiveCfg = Release|Any CPU
		{68043C0C-832D-4E92-8E60-BFA9B013FA68}.Release|Any CPU.Build.0 = Release|Any CPU
		{15870B2B-9523-439A-999F-3DA14729C4FF}.Debug|Any CPU.ActiveCfg = Debug|Any CPU
		{15870B2B-9523-439A-999F-3DA14729C4FF}.Debug|Any CPU.Build.0 = Debug|Any CPU
		{15870B2B-9523-439A-999F-3DA14729C4FF}.Release|Any CPU.ActiveCfg = Release|Any CPU
		{15870B2B-9523-439A-999F-3DA14729C4FF}.Release|Any CPU.Build.0 = Release|Any CPU
		{CFBD6D93-AD37-4A34-B6B6-A22164F7A7CA}.Debug|Any CPU.ActiveCfg = Debug|Any CPU
		{CFBD6D93-AD37-4A34-B6B6-A22164F7A7CA}.Debug|Any CPU.Build.0 = Debug|Any CPU
		{CFBD6D93-AD37-4A34-B6B6-A22164F7A7CA}.Release|Any CPU.ActiveCfg = Release|Any CPU
		{CFBD6D93-AD37-4A34-B6B6-A22164F7A7CA}.Release|Any CPU.Build.0 = Release|Any CPU
		{6C059CB2-EA23-4D29-8978-B3E7AFA2EB68}.Debug|Any CPU.ActiveCfg = Debug|Any CPU
		{6C059CB2-EA23-4D29-8978-B3E7AFA2EB68}.Debug|Any CPU.Build.0 = Debug|Any CPU
		{6C059CB2-EA23-4D29-8978-B3E7AFA2EB68}.Release|Any CPU.ActiveCfg = Release|Any CPU
		{6C059CB2-EA23-4D29-8978-B3E7AFA2EB68}.Release|Any CPU.Build.0 = Release|Any CPU
		{3B7049D6-E074-4E39-BD63-AE98CFF1E865}.Debug|Any CPU.ActiveCfg = Debug|Any CPU
		{3B7049D6-E074-4E39-BD63-AE98CFF1E865}.Debug|Any CPU.Build.0 = Debug|Any CPU
		{3B7049D6-E074-4E39-BD63-AE98CFF1E865}.Release|Any CPU.ActiveCfg = Release|Any CPU
		{3B7049D6-E074-4E39-BD63-AE98CFF1E865}.Release|Any CPU.Build.0 = Release|Any CPU
		{F3250F9C-C571-4DDC-9322-9158A268E25C}.Debug|Any CPU.ActiveCfg = Debug|Any CPU
		{F3250F9C-C571-4DDC-9322-9158A268E25C}.Debug|Any CPU.Build.0 = Debug|Any CPU
		{F3250F9C-C571-4DDC-9322-9158A268E25C}.Release|Any CPU.ActiveCfg = Release|Any CPU
		{F3250F9C-C571-4DDC-9322-9158A268E25C}.Release|Any CPU.Build.0 = Release|Any CPU
		{E5B78F7B-66C3-4047-81E7-F357D725FD6E}.Debug|Any CPU.ActiveCfg = Debug|Any CPU
		{E5B78F7B-66C3-4047-81E7-F357D725FD6E}.Debug|Any CPU.Build.0 = Debug|Any CPU
		{E5B78F7B-66C3-4047-81E7-F357D725FD6E}.Release|Any CPU.ActiveCfg = Release|Any CPU
		{E5B78F7B-66C3-4047-81E7-F357D725FD6E}.Release|Any CPU.Build.0 = Release|Any CPU
	EndGlobalSection
	GlobalSection(SolutionProperties) = preSolution
		HideSolutionNode = FALSE
	EndGlobalSection
	GlobalSection(ExtensibilityGlobals) = postSolution
		SolutionGuid = {B6EE9172-E4D0-41E0-BF83-CB287206E044}
	EndGlobalSection
EndGlobal
